{
  "originHash" : "de55b9837cf915a4d230942c0f8378c0fbd7e18f145063a7284ec2a156b000f7",
  "pins" : [
    {
      "identity" : "swift-binary-parsing",
      "kind" : "remoteSourceControl",
      "location" : "https://github.com/apple/swift-binary-parsing.git",
      "state" : {
        "branch" : "main",
        "revision" : "a09c22b2b5333d30121fa989a688931bc86600c4"
      }
    },
    {
      "identity" : "swift-syntax",
      "kind" : "remoteSourceControl",
      "location" : "https://github.com/swiftlang/swift-syntax.git",
      "state" : {
        "revision" : "4799286537280063c85a32f09884cfbca301b1a1",
        "version" : "602.0.0"
      }
    }
  ],
  "version" : 3
}
