{
  "originHash" : "aa53b3040e4ef442d6f3b4ed4eb195133434124832c8bf10083e8184b25a0a2c",
  "pins" : [
    {
      "identity" : "swift-binary-parsing",
      "kind" : "remoteSourceControl",
      "location" : "https://github.com/apple/swift-binary-parsing.git",
      "state" : {
        "branch" : "main",
        "revision" : "a09c22b2b5333d30121fa989a688931bc86600c4"
      }
    },
    {
      "identity" : "swift-syntax",
      "kind" : "remoteSourceControl",
      "location" : "https://github.com/apple/swift-syntax",
      "state" : {
        "revision" : "4799286537280063c85a32f09884cfbca301b1a1",
        "version" : "602.0.0"
      }
    }
  ],
  "version" : 3
}
